dependencies:
  esp-sr:
    component_hash: null
    source:
      path: /Users/morningtzh/esp/esp-adf/components/esp-sr
      type: local
    version: 1.6.0
  espressif/cmake_utilities:
    component_hash: 351350613ceafba240b761b4ea991e0f231ac7a9f59a9ee901f751bddc0bb18f
    source:
      service_url: https://api.components.espressif.com/
      type: service
    version: 0.5.3
  espressif/esp-dsp:
    component_hash: 3e7bbd487f1357a1d4944d0c85966d049501ea281b8a4c7f93f7cfedd5b7f23d
    source:
      service_url: https://api.components.espressif.com/
      type: service
    version: 1.4.12
  espressif/esp-idf-cxx:
    component_hash: 2fa63e4e725f0c2d3dd6d99da8a91d404b4b49667088b1be0f336eb9c13ff17f
    source:
      service_url: https://api.components.espressif.com/
      type: service
    version: 1.0.2-beta
  espressif/jsmn:
    component_hash: d80350c41bbaa827c98a25b6072df00884e72f54885996fab4a4f0aebce6b6c3
    source:
      service_url: https://api.components.espressif.com/
      type: service
    version: 1.1.0
  espressif/libpng:
    component_hash: d2fb0a8234e65fa7dd0bd80841e955c53557b70ef405dbb2290303ae2f4219bd
    source:
      service_url: https://api.components.espressif.com/
      type: service
    version: 1.6.39~1
  espressif/mdns:
    component_hash: 9ff9c578fc3a5ea3c68e807233e47f2ce6b2492a92d7a9356ae5c29ab45f0fde
    source:
      service_url: https://api.components.espressif.com/
      type: service
    version: 1.3.0
  espressif/nghttp:
    component_hash: 5e55c2fc982f7ddd257818be86f50d60705f3fd3a39d709c399434e81d458e1e
    source:
      service_url: https://api.components.espressif.com/
      type: service
    version: 1.58.0
  espressif/openai:
    component_hash: 701ae7fd9226d8c02c51d252a57ff5aafd0be1ea7955e7c785e46ab6295d58d8
    source:
      service_url: https://api.components.espressif.com/
      type: service
    version: 0.3.1
  espressif/zlib:
    component_hash: 999ec50086ac1c82b8321d8f540dc9fd10f5622948b935558aa16b4b66e95d9d
    source:
      service_url: https://api.components.espressif.com/
      type: service
    version: 1.3.0
  idf:
    component_hash: null
    source:
      type: idf
    version: 5.2.1
manifest_hash: 9594310398eaf01f854bd6bd8ce94a347789be7c5a3cce42decea7656de50c82
target: esp32s3
version: 1.0.0
